{
  "shared/ui/pet.js": "6de0effe69d00fb1594146181f997a642e0384f392fdd36aba0f7e4d0d7010f3",
  "shared/logic/pet.js": "cd06dd18901dff20b6dcb6914a1f433f70d7e6784c2d95b63c6c6f574bdc64d6",
  "shared/logic/pet-engine.js": "2a62a41c6ed44eea72f14f818ed2fcd5306337f263547267203078ef88e536a2",
  "shared/logic/pet-art.json": "777b71933edad86ed79e824c202358dd17abafbcbd68cd9ef464cff3b49475cb",
  "shared/logic/pet-rules.js": "7c4b107179afe0141530fb671e675f8ce8c6ad2e8a618fcb72a6441f31c6ae49",
  "shared/logic/design-pets.json": "0ebb4843371b55beba28b8e7795d446c879d9294552c582d15f48444e0d8ed7c",
  "shared/style/pet.css": "12fe60c8c92e475f075783d8a512224f388867671ffc5ff5b82a296b8cb32d2c"
}
